
Microsoft Visual Studio Solution File, Format Version 12.00
# Visual Studio Version 17
VisualStudioVersion = 17.11.35222.181
MinimumVisualStudioVersion = 10.0.40219.1
Project("{FAE04EC0-301F-11D3-BF4B-00C04F79EFBC}") = "ConsoleApp1", "ConsoleApp1\ConsoleApp1.csproj", "{AB5D385D-841F-43F3-AD40-BF94C0B8B89A}"
EndProject
Project("{FAE04EC0-301F-11D3-BF4B-00C04F79EFBC}") = "WpfApp1", "WpfApp1\WpfApp1.csproj", "{B953ACAF-014F-412F-9475-8E0366E2176D}"
EndProject
Global
	GlobalSection(SolutionConfigurationPlatforms) = preSolution
		Debug|Any CPU = Debug|Any CPU
		Release|Any CPU = Release|Any CPU
	EndGlobalSection
	GlobalSection(ProjectConfigurationPlatforms) = postSolution
		{AB5D385D-841F-43F3-AD40-BF94C0B8B89A}.Debug|Any CPU.ActiveCfg = Debug|Any CPU
		{AB5D385D-841F-43F3-AD40-BF94C0B8B89A}.Debug|Any CPU.Build.0 = Debug|Any CPU
		{AB5D385D-841F-43F3-AD40-BF94C0B8B89A}.Release|Any CPU.ActiveCfg = Release|Any CPU
		{AB5D385D-841F-43F3-AD40-BF94C0B8B89A}.Release|Any CPU.Build.0 = Release|Any CPU
		{B953ACAF-014F-412F-9475-8E0366E2176D}.Debug|Any CPU.ActiveCfg = Debug|Any CPU
		{B953ACAF-014F-412F-9475-8E0366E2176D}.Debug|Any CPU.Build.0 = Debug|Any CPU
		{B953ACAF-014F-412F-9475-8E0366E2176D}.Release|Any CPU.ActiveCfg = Release|Any CPU
		{B953ACAF-014F-412F-9475-8E0366E2176D}.Release|Any CPU.Build.0 = Release|Any CPU
	EndGlobalSection
	GlobalSection(SolutionProperties) = preSolution
		HideSolutionNode = FALSE
	EndGlobalSection
	GlobalSection(ExtensibilityGlobals) = postSolution
		SolutionGuid = {3F8D412D-76A6-4B1D-9DEF-45FE52AAD362}
	EndGlobalSection
EndGlobal
